
Microsoft Visual Studio Solution File, Format Version 12.00
# Visual Studio Version 16
VisualStudioVersion = 16.0.29728.190
MinimumVisualStudioVersion = 10.0.40219.1
Project("{FAE04EC0-301F-11D3-BF4B-00C04F79EFBC}") = "memeng", "memeng\memeng.csproj", "{D0ACA6B5-8CFB-4203-A2BD-B0D6E07AD08B}"
EndProject
Global
	GlobalSection(SolutionConfigurationPlatforms) = preSolution
		Debug|Any CPU = Debug|Any CPU
		Release|Any CPU = Release|Any CPU
	EndGlobalSection
	GlobalSection(ProjectConfigurationPlatforms) = postSolution
		{D0ACA6B5-8CFB-4203-A2BD-B0D6E07AD08B}.Debug|Any CPU.ActiveCfg = Debug|Any CPU
		{D0ACA6B5-8CFB-4203-A2BD-B0D6E07AD08B}.Debug|Any CPU.Build.0 = Debug|Any CPU
		{D0ACA6B5-8CFB-4203-A2BD-B0D6E07AD08B}.Release|Any CPU.ActiveCfg = Release|Any CPU
		{D0ACA6B5-8CFB-4203-A2BD-B0D6E07AD08B}.Release|Any CPU.Build.0 = Release|Any CPU
	EndGlobalSection
	GlobalSection(SolutionProperties) = preSolution
		HideSolutionNode = FALSE
	EndGlobalSection
	GlobalSection(ExtensibilityGlobals) = postSolution
		SolutionGuid = {046043B5-293D-4995-9956-D3BA8E83998C}
	EndGlobalSection
EndGlobal
